// !$*UTF8*$!
{
	archiveVersion = 1;
	classes = {
	};
	objectVersion = 50;
	objects = {

/* Begin PBXBuildFile section */
		2A847B5F22AE27EA00CA83E5 /* OrderConfirmationViewController.swift in Sources */ = {isa = PBXBuildFile; fileRef = 2A847B5E22AE27EA00CA83E5 /* OrderConfirmationViewController.swift */; };
		2AEB703622A8CED700226689 /* AppDelegate.swift in Sources */ = {isa = PBXBuildFile; fileRef = 2AEB703522A8CED700226689 /* AppDelegate.swift */; };
		2AEB703822A8CED700226689 /* ItemDetailViewController.swift in Sources */ = {isa = PBXBuildFile; fileRef = 2AEB703722A8CED700226689 /* ItemDetailViewController.swift */; };
		2AEB703B22A8CED700226689 /* Main.storyboard in Resources */ = {isa = PBXBuildFile; fileRef = 2AEB703922A8CED700226689 /* Main.storyboard */; };
		2AEB703D22A8CED800226689 /* Assets.xcassets in Resources */ = {isa = PBXBuildFile; fileRef = 2AEB703C22A8CED800226689 /* Assets.xcassets */; };
		2AEB704022A8CED800226689 /* LaunchScreen.storyboard in Resources */ = {isa = PBXBuildFile; fileRef = 2AEB703E22A8CED800226689 /* LaunchScreen.storyboard */; };
		2AEB704822A8D48500226689 /* CategoriesTableViewController.swift in Sources */ = {isa = PBXBuildFile; fileRef = 2AEB704722A8D48500226689 /* CategoriesTableViewController.swift */; };
		2AEB704A22A8D4BB00226689 /* CategoryItemsTableViewController.swift in Sources */ = {isa = PBXBuildFile; fileRef = 2AEB704922A8D4BB00226689 /* CategoryItemsTableViewController.swift */; };
		2AEB704C22A8D4CE00226689 /* OrderTableViewController.swift in Sources */ = {isa = PBXBuildFile; fileRef = 2AEB704B22A8D4CE00226689 /* OrderTableViewController.swift */; };
		2AEB705022A8DE4200226689 /* DataModels.swift in Sources */ = {isa = PBXBuildFile; fileRef = 2AEB704F22A8DE4200226689 /* DataModels.swift */; };
		2AEB705222A8E0D500226689 /* Order.swift in Sources */ = {isa = PBXBuildFile; fileRef = 2AEB705122A8E0D500226689 /* Order.swift */; };
		2AEB705422A9204800226689 /* MenuController.swift in Sources */ = {isa = PBXBuildFile; fileRef = 2AEB705322A9204800226689 /* MenuController.swift */; };
/* End PBXBuildFile section */

/* Begin PBXFileReference section */
		2A847B5E22AE27EA00CA83E5 /* OrderConfirmationViewController.swift */ = {isa = PBXFileReference; lastKnownFileType = sourcecode.swift; path = OrderConfirmationViewController.swift; sourceTree = "<group>"; };
		2AEB703222A8CED700226689 /* MyRestaurant.app */ = {isa = PBXFileReference; explicitFileType = wrapper.application; includeInIndex = 0; path = MyRestaurant.app; sourceTree = BUILT_PRODUCTS_DIR; };
		2AEB703522A8CED700226689 /* AppDelegate.swift */ = {isa = PBXFileReference; lastKnownFileType = sourcecode.swift; path = AppDelegate.swift; sourceTree = "<group>"; };
		2AEB703722A8CED700226689 /* ItemDetailViewController.swift */ = {isa = PBXFileReference; lastKnownFileType = sourcecode.swift; path = ItemDetailViewController.swift; sourceTree = "<group>"; };
		2AEB703A22A8CED700226689 /* Base */ = {isa = PBXFileReference; lastKnownFileType = file.storyboard; name = Base; path = Base.lproj/Main.storyboard; sourceTree = "<group>"; };
		2AEB703C22A8CED800226689 /* Assets.xcassets */ = {isa = PBXFileReference; lastKnownFileType = folder.assetcatalog; path = Assets.xcassets; sourceTree = "<group>"; };
		2AEB703F22A8CED800226689 /* Base */ = {isa = PBXFileReference; lastKnownFileType = file.storyboard; name = Base; path = Base.lproj/LaunchScreen.storyboard; sourceTree = "<group>"; };
		2AEB704122A8CED800226689 /* Info.plist */ = {isa = PBXFileReference; lastKnownFileType = text.plist.xml; path = Info.plist; sourceTree = "<group>"; };
		2AEB704722A8D48500226689 /* CategoriesTableViewController.swift */ = {isa = PBXFileReference; lastKnownFileType = sourcecode.swift; path = CategoriesTableViewController.swift; sourceTree = "<group>"; };
		2AEB704922A8D4BB00226689 /* CategoryItemsTableViewController.swift */ = {isa = PBXFileReference; lastKnownFileType = sourcecode.swift; path = CategoryItemsTableViewController.swift; sourceTree = "<group>"; };
		2AEB704B22A8D4CE00226689 /* OrderTableViewController.swift */ = {isa = PBXFileReference; lastKnownFileType = sourcecode.swift; path = OrderTableViewController.swift; sourceTree = "<group>"; };
		2AEB704F22A8DE4200226689 /* DataModels.swift */ = {isa = PBXFileReference; lastKnownFileType = sourcecode.swift; path = DataModels.swift; sourceTree = "<group>"; };
		2AEB705122A8E0D500226689 /* Order.swift */ = {isa = PBXFileReference; lastKnownFileType = sourcecode.swift; path = Order.swift; sourceTree = "<group>"; };
		2AEB705322A9204800226689 /* MenuController.swift */ = {isa = PBXFileReference; lastKnownFileType = sourcecode.swift; path = MenuController.swift; sourceTree = "<group>"; };
/* End PBXFileReference section */

/* Begin PBXFrameworksBuildPhase section */
		2AEB702F22A8CED700226689 /* Frameworks */ = {
			isa = PBXFrameworksBuildPhase;
			buildActionMask = 2147483647;
			files = (
			);
			runOnlyForDeploymentPostprocessing = 0;
		};
/* End PBXFrameworksBuildPhase section */

/* Begin PBXGroup section */
		2AEB702922A8CED700226689 = {
			isa = PBXGroup;
			children = (
				2AEB703422A8CED700226689 /* MyRestaurant */,
				2AEB703322A8CED700226689 /* Products */,
			);
			sourceTree = "<group>";
		};
		2AEB703322A8CED700226689 /* Products */ = {
			isa = PBXGroup;
			children = (
				2AEB703222A8CED700226689 /* MyRestaurant.app */,
			);
			name = Products;
			sourceTree = "<group>";
		};
		2AEB703422A8CED700226689 /* MyRestaurant */ = {
			isa = PBXGroup;
			children = (
				2AEB703522A8CED700226689 /* AppDelegate.swift */,
				2AEB704F22A8DE4200226689 /* DataModels.swift */,
				2AEB705322A9204800226689 /* MenuController.swift */,
				2AEB705122A8E0D500226689 /* Order.swift */,
				2AEB704722A8D48500226689 /* CategoriesTableViewController.swift */,
				2AEB704922A8D4BB00226689 /* CategoryItemsTableViewController.swift */,
				2AEB703722A8CED700226689 /* ItemDetailViewController.swift */,
				2AEB704B22A8D4CE00226689 /* OrderTableViewController.swift */,
				2A847B5E22AE27EA00CA83E5 /* OrderConfirmationViewController.swift */,
				2AEB703922A8CED700226689 /* Main.storyboard */,
				2AEB703C22A8CED800226689 /* Assets.xcassets */,
				2AEB703E22A8CED800226689 /* LaunchScreen.storyboard */,
				2AEB704122A8CED800226689 /* Info.plist */,
			);
			path = MyRestaurant;
			sourceTree = "<group>";
		};
/* End PBXGroup section */

/* Begin PBXNativeTarget section */
		2AEB703122A8CED700226689 /* MyRestaurant */ = {
			isa = PBXNativeTarget;
			buildConfigurationList = 2AEB704422A8CED800226689 /* Build configuration list for PBXNativeTarget "MyRestaurant" */;
			buildPhases = (
				2AEB702E22A8CED700226689 /* Sources */,
				2AEB702F22A8CED700226689 /* Frameworks */,
				2AEB703022A8CED700226689 /* Resources */,
			);
			buildRules = (
			);
			dependencies = (
			);
			name = MyRestaurant;
			productName = MyRestaurant;
			productReference = 2AEB703222A8CED700226689 /* MyRestaurant.app */;
			productType = "com.apple.product-type.application";
		};
/* End PBXNativeTarget section */

/* Begin PBXProject section */
		2AEB702A22A8CED700226689 /* Project object */ = {
			isa = PBXProject;
			attributes = {
				LastSwiftUpdateCheck = 1020;
				LastUpgradeCheck = 1020;
				ORGANIZATIONNAME = "Magical Tomato";
				TargetAttributes = {
					2AEB703122A8CED700226689 = {
						CreatedOnToolsVersion = 10.2.1;
					};
				};
			};
			buildConfigurationList = 2AEB702D22A8CED700226689 /* Build configuration list for PBXProject "MyRestaurant" */;
			compatibilityVersion = "Xcode 9.3";
			developmentRegion = en;
			hasScannedForEncodings = 0;
			knownRegions = (
				en,
				Base,
			);
			mainGroup = 2AEB702922A8CED700226689;
			productRefGroup = 2AEB703322A8CED700226689 /* Products */;
			projectDirPath = "";
			projectRoot = "";
			targets = (
				2AEB703122A8CED700226689 /* MyRestaurant */,
			);
		};
/* End PBXProject section */

/* Begin PBXResourcesBuildPhase section */
		2AEB703022A8CED700226689 /* Resources */ = {
			isa = PBXResourcesBuildPhase;
			buildActionMask = 2147483647;
			files = (
				2AEB704022A8CED800226689 /* LaunchScreen.storyboard in Resources */,
				2AEB703D22A8CED800226689 /* Assets.xcassets in Resources */,
				2AEB703B22A8CED700226689 /* Main.storyboard in Resources */,
			);
			runOnlyForDeploymentPostprocessing = 0;
		};
/* End PBXResourcesBuildPhase section */

/* Begin PBXSourcesBuildPhase section */
		2AEB702E22A8CED700226689 /* Sources */ = {
			isa = PBXSourcesBuildPhase;
			buildActionMask = 2147483647;
			files = (
				2AEB705422A9204800226689 /* MenuController.swift in Sources */,
				2AEB704A22A8D4BB00226689 /* CategoryItemsTableViewController.swift in Sources */,
				2AEB703822A8CED700226689 /* ItemDetailViewController.swift in Sources */,
				2AEB703622A8CED700226689 /* AppDelegate.swift in Sources */,
				2AEB705022A8DE4200226689 /* DataModels.swift in Sources */,
				2A847B5F22AE27EA00CA83E5 /* OrderConfirmationViewController.swift in Sources */,
				2AEB704822A8D48500226689 /* CategoriesTableViewController.swift in Sources */,
				2AEB704C22A8D4CE00226689 /* OrderTableViewController.swift in Sources */,
				2AEB705222A8E0D500226689 /* Order.swift in Sources */,
			);
			runOnlyForDeploymentPostprocessing = 0;
		};
/* End PBXSourcesBuildPhase section */

/* Begin PBXVariantGroup section */
		2AEB703922A8CED700226689 /* Main.storyboard */ = {
			isa = PBXVariantGroup;
			children = (
				2AEB703A22A8CED700226689 /* Base */,
			);
			name = Main.storyboard;
			sourceTree = "<group>";
		};
		2AEB703E22A8CED800226689 /* LaunchScreen.storyboard */ = {
			isa = PBXVariantGroup;
			children = (
				2AEB703F22A8CED800226689 /* Base */,
			);
			name = LaunchScreen.storyboard;
			sourceTree = "<group>";
		};
/* End PBXVariantGroup section */

/* Begin XCBuildConfiguration section */
		2AEB704222A8CED800226689 /* Debug */ = {
			isa = XCBuildConfiguration;
			buildSettings = {
				ALWAYS_SEARCH_USER_PATHS = NO;
				CLANG_ANALYZER_NONNULL = YES;
				CLANG_ANALYZER_NUMBER_OBJECT_CONVERSION = YES_AGGRESSIVE;
				CLANG_CXX_LANGUAGE_STANDARD = "gnu++14";
				CLANG_CXX_LIBRARY = "libc++";
				CLANG_ENABLE_MODULES = YES;
				CLANG_ENABLE_OBJC_ARC = YES;
				CLANG_ENABLE_OBJC_WEAK = YES;
				CLANG_WARN_BLOCK_CAPTURE_AUTORELEASING = YES;
				CLANG_WARN_BOOL_CONVERSION = YES;
				CLANG_WARN_COMMA = YES;
				CLANG_WARN_CONSTANT_CONVERSION = YES;
				CLANG_WARN_DEPRECATED_OBJC_IMPLEMENTATIONS = YES;
				CLANG_WARN_DIRECT_OBJC_ISA_USAGE = YES_ERROR;
				CLANG_WARN_DOCUMENTATION_COMMENTS = YES;
				CLANG_WARN_EMPTY_BODY = YES;
				CLANG_WARN_ENUM_CONVERSION = YES;
				CLANG_WARN_INFINITE_RECURSION = YES;
				CLANG_WARN_INT_CONVERSION = YES;
				CLANG_WARN_NON_LITERAL_NULL_CONVERSION = YES;
				CLANG_WARN_OBJC_IMPLICIT_RETAIN_SELF = YES;
				CLANG_WARN_OBJC_LITERAL_CONVERSION = YES;
				CLANG_WARN_OBJC_ROOT_CLASS = YES_ERROR;
				CLANG_WARN_RANGE_LOOP_ANALYSIS = YES;
				CLANG_WARN_STRICT_PROTOTYPES = YES;
				CLANG_WARN_SUSPICIOUS_MOVE = YES;
				CLANG_WARN_UNGUARDED_AVAILABILITY = YES_AGGRESSIVE;
				CLANG_WARN_UNREACHABLE_CODE = YES;
				CLANG_WARN__DUPLICATE_METHOD_MATCH = YES;
				CODE_SIGN_IDENTITY = "iPhone Developer";
				COPY_PHASE_STRIP = NO;
				DEBUG_INFORMATION_FORMAT = dwarf;
				ENABLE_STRICT_OBJC_MSGSEND = YES;
				ENABLE_TESTABILITY = YES;
				GCC_C_LANGUAGE_STANDARD = gnu11;
				GCC_DYNAMIC_NO_PIC = NO;
				GCC_NO_COMMON_BLOCKS = YES;
				GCC_OPTIMIZATION_LEVEL = 0;
				GCC_PREPROCESSOR_DEFINITIONS = (
					"DEBUG=1",
					"$(inherited)",
				);
				GCC_WARN_64_TO_32_BIT_CONVERSION = YES;
				GCC_WARN_ABOUT_RETURN_TYPE = YES_ERROR;
				GCC_WARN_UNDECLARED_SELECTOR = YES;
				GCC_WARN_UNINITIALIZED_AUTOS = YES_AGGRESSIVE;
				GCC_WARN_UNUSED_FUNCTION = YES;
				GCC_WARN_UNUSED_VARIABLE = YES;
				IPHONEOS_DEPLOYMENT_TARGET = 12.2;
				MTL_ENABLE_DEBUG_INFO = INCLUDE_SOURCE;
				MTL_FAST_MATH = YES;
				ONLY_ACTIVE_ARCH = YES;
				SDKROOT = iphoneos;
				SWIFT_ACTIVE_COMPILATION_CONDITIONS = DEBUG;
				SWIFT_OPTIMIZATION_LEVEL = "-Onone";
			};
			name = Debug;
		};
		2AEB704322A8CED800226689 /* Release */ = {
			isa = XCBuildConfiguration;
			buildSettings = {
				ALWAYS_SEARCH_USER_PATHS = NO;
				CLANG_ANALYZER_NONNULL = YES;
				CLANG_ANALYZER_NUMBER_OBJECT_CONVERSION = YES_AGGRESSIVE;
				CLANG_CXX_LANGUAGE_STANDARD = "gnu++14";
				CLANG_CXX_LIBRARY = "libc++";
				CLANG_ENABLE_MODULES = YES;
				CLANG_ENABLE_OBJC_ARC = YES;
				CLANG_ENABLE_OBJC_WEAK = YES;
				CLANG_WARN_BLOCK_CAPTURE_AUTORELEASING = YES;
				CLANG_WARN_BOOL_CONVERSION = YES;
				CLANG_WARN_COMMA = YES;
				CLANG_WARN_CONSTANT_CONVERSION = YES;
				CLANG_WARN_DEPRECATED_OBJC_IMPLEMENTATIONS = YES;
				CLANG_WARN_DIRECT_OBJC_ISA_USAGE = YES_ERROR;
				CLANG_WARN_DOCUMENTATION_COMMENTS = YES;
				CLANG_WARN_EMPTY_BODY = YES;
				CLANG_WARN_ENUM_CONVERSION = YES;
				CLANG_WARN_INFINITE_RECURSION = YES;
				CLANG_WARN_INT_CONVERSION = YES;
				CLANG_WARN_NON_LITERAL_NULL_CONVERSION = YES;
				CLANG_WARN_OBJC_IMPLICIT_RETAIN_SELF = YES;
				CLANG_WARN_OBJC_LITERAL_CONVERSION = YES;
				CLANG_WARN_OBJC_ROOT_CLASS = YES_ERROR;
				CLANG_WARN_RANGE_LOOP_ANALYSIS = YES;
				CLANG_WARN_STRICT_PROTOTYPES = YES;
				CLANG_WARN_SUSPICIOUS_MOVE = YES;
				CLANG_WARN_UNGUARDED_AVAILABILITY = YES_AGGRESSIVE;
				CLANG_WARN_UNREACHABLE_CODE = YES;
				CLANG_WARN__DUPLICATE_METHOD_MATCH = YES;
				CODE_SIGN_IDENTITY = "iPhone Developer";
				COPY_PHASE_STRIP = NO;
				DEBUG_INFORMATION_FORMAT = "dwarf-with-dsym";
				ENABLE_NS_ASSERTIONS = NO;
				ENABLE_STRICT_OBJC_MSGSEND = YES;
				GCC_C_LANGUAGE_STANDARD = gnu11;
				GCC_NO_COMMON_BLOCKS = YES;
				GCC_WARN_64_TO_32_BIT_CONVERSION = YES;
				GCC_WARN_ABOUT_RETURN_TYPE = YES_ERROR;
				GCC_WARN_UNDECLARED_SELECTOR = YES;
				GCC_WARN_UNINITIALIZED_AUTOS = YES_AGGRESSIVE;
				GCC_WARN_UNUSED_FUNCTION = YES;
				GCC_WARN_UNUSED_VARIABLE = YES;
				IPHONEOS_DEPLOYMENT_TARGET = 12.2;
				MTL_ENABLE_DEBUG_INFO = NO;
				MTL_FAST_MATH = YES;
				SDKROOT = iphoneos;
				SWIFT_COMPILATION_MODE = wholemodule;
				SWIFT_OPTIMIZATION_LEVEL = "-O";
				VALIDATE_PRODUCT = YES;
			};
			name = Release;
		};
		2AEB704522A8CED800226689 /* Debug */ = {
			isa = XCBuildConfiguration;
			buildSettings = {
				ASSETCATALOG_COMPILER_APPICON_NAME = AppIcon;
				CODE_SIGN_STYLE = Automatic;
				DEVELOPMENT_TEAM = 4879TTCN72;
				INFOPLIST_FILE = MyRestaurant/Info.plist;
				LD_RUNPATH_SEARCH_PATHS = (
					"$(inherited)",
					"@executable_path/Frameworks",
				);
				PRODUCT_BUNDLE_IDENTIFIER = com.magicaltomato.MyRestaurant;
				PRODUCT_NAME = "$(TARGET_NAME)";
				SWIFT_VERSION = 5.0;
				TARGETED_DEVICE_FAMILY = "1,2";
			};
			name = Debug;
		};
		2AEB704622A8CED800226689 /* Release */ = {
			isa = XCBuildConfiguration;
			buildSettings = {
				ASSETCATALOG_COMPILER_APPICON_NAME = AppIcon;
				CODE_SIGN_STYLE = Automatic;
				DEVELOPMENT_TEAM = 4879TTCN72;
				INFOPLIST_FILE = MyRestaurant/Info.plist;
				LD_RUNPATH_SEARCH_PATHS = (
					"$(inherited)",
					"@executable_path/Frameworks",
				);
				PRODUCT_BUNDLE_IDENTIFIER = com.magicaltomato.MyRestaurant;
				PRODUCT_NAME = "$(TARGET_NAME)";
				SWIFT_VERSION = 5.0;
				TARGETED_DEVICE_FAMILY = "1,2";
			};
			name = Release;
		};
/* End XCBuildConfiguration section */

/* Begin XCConfigurationList section */
		2AEB702D22A8CED700226689 /* Build configuration list for PBXProject "MyRestaurant" */ = {
			isa = XCConfigurationList;
			buildConfigurations = (
				2AEB704222A8CED800226689 /* Debug */,
				2AEB704322A8CED800226689 /* Release */,
			);
			defaultConfigurationIsVisible = 0;
			defaultConfigurationName = Release;
		};
		2AEB704422A8CED800226689 /* Build configuration list for PBXNativeTarget "MyRestaurant" */ = {
			isa = XCConfigurationList;
			buildConfigurations = (
				2AEB704522A8CED800226689 /* Debug */,
				2AEB704622A8CED800226689 /* Release */,
			);
			defaultConfigurationIsVisible = 0;
			defaultConfigurationName = Release;
		};
/* End XCConfigurationList section */
	};
	rootObject = 2AEB702A22A8CED700226689 /* Project object */;
}
